
Microsoft Visual Studio Solution File, Format Version 12.00
# Visual Studio Version 17
VisualStudioVersion = 17.11.35303.130
MinimumVisualStudioVersion = 10.0.40219.1
Project("{FAE04EC0-301F-11D3-BF4B-00C04F79EFBC}") = "Algoritmandprog", "Algoritmandprog\Algoritmandprog.csproj", "{7619D823-EF44-4FFC-BEF0-57A48F318E96}"
EndProject
Global
	GlobalSection(SolutionConfigurationPlatforms) = preSolution
		Debug|Any CPU = Debug|Any CPU
		Release|Any CPU = Release|Any CPU
	EndGlobalSection
	GlobalSection(ProjectConfigurationPlatforms) = postSolution
		{7619D823-EF44-4FFC-BEF0-57A48F318E96}.Debug|Any CPU.ActiveCfg = Debug|Any CPU
		{7619D823-EF44-4FFC-BEF0-57A48F318E96}.Debug|Any CPU.Build.0 = Debug|Any CPU
		{7619D823-EF44-4FFC-BEF0-57A48F318E96}.Release|Any CPU.ActiveCfg = Release|Any CPU
		{7619D823-EF44-4FFC-BEF0-57A48F318E96}.Release|Any CPU.Build.0 = Release|Any CPU
	EndGlobalSection
	GlobalSection(SolutionProperties) = preSolution
		HideSolutionNode = FALSE
	EndGlobalSection
	GlobalSection(ExtensibilityGlobals) = postSolution
		SolutionGuid = {B8CD6D57-170B-4BFE-83B2-B14B88C32CC0}
	EndGlobalSection
EndGlobal
